
Microsoft Visual Studio Solution File, Format Version 12.00
# Visual Studio 15
VisualStudioVersion = 15.0.28307.271
MinimumVisualStudioVersion = 10.0.40219.1
Project("{D2ABAB84-BF74-430A-B69E-9DC6D40DDA17}") = "MultidimensionalProject2", "MultidimensionalProject2\MultidimensionalProject2.dwproj", "{35CFD39F-DDBB-49F0-BCD6-19968E66C5DE}"
EndProject
Global
	GlobalSection(SolutionConfigurationPlatforms) = preSolution
		Development|Default = Development|Default
	EndGlobalSection
	GlobalSection(ProjectConfigurationPlatforms) = postSolution
		{35CFD39F-DDBB-49F0-BCD6-19968E66C5DE}.Development|Default.ActiveCfg = Development
		{35CFD39F-DDBB-49F0-BCD6-19968E66C5DE}.Development|Default.Build.0 = Development
		{35CFD39F-DDBB-49F0-BCD6-19968E66C5DE}.Development|Default.Deploy.0 = Development
	EndGlobalSection
	GlobalSection(SolutionProperties) = preSolution
		HideSolutionNode = FALSE
	EndGlobalSection
	GlobalSection(ExtensibilityGlobals) = postSolution
		SolutionGuid = {AD910C9A-04A7-4796-A60E-1EBD5AE952EB}
	EndGlobalSection
EndGlobal
